{
  "name": "nextjs",
  "version": "0.1.0",
  "lockfileVersion": 3,
  "requires": true,
  "packages": {
    "": {
      "name": "nextjs",
      "version": "0.1.0",
      "dependencies": {
        "@lifi/sdk": "^3.12.1",
        "@lifi/widget": "^3.30.0",
        "@mui/material-nextjs": "^7.3.2",
        "next": "^15.5.2",
        "react": "^19.1.1",
        "react-dom": "^19.1.1"
      },
      "devDependencies": {
        "@types/node": "^24.3.0",
        "@types/react": "^19.1.11",
        "@types/react-dom": "^19.1.9",
        "typescript": "^5.9.2"
      },
      "engines": {
        "node": ">=21.0.0"
      }
    },
    "../../node_modules/.pnpm/@lifi+sdk@3.12.1_@solana+wallet-adapter-base@0.9.27_@solana+web3.js@1.98.4_bufferutil@4_117a75494e66f2dded8bc7915d0a4618/node_modules/@lifi/sdk": {
      "version": "3.12.1",
      "license": "Apache-2.0",
      "dependencies": {
        "@bigmi/core": "^0.5.2",
        "@bitcoinerlab/secp256k1": "^1.2.0",
        "@lifi/types": "^17.36.0",
        "@mysten/sui": "^1.37.6",
        "@mysten/wallet-standard": "^0.16.14",
        "@noble/curves": "^1.9.7",
        "@solana/wallet-adapter-base": "^0.9.27",
        "@solana/web3.js": "^1.98.4",
        "bech32": "^2.0.0",
        "bitcoinjs-lib": "^7.0.0-rc.0",
        "bs58": "^6.0.0",
        "viem": "^2.37.2"
      },
      "peerDependencies": {
        "@solana/wallet-adapter-base": "^0.9.0",
        "@solana/web3.js": "^1.98.0",
        "viem": "^2.21.0"
      }
    },
    "../../node_modules/.pnpm/@lifi+widget@3.30.0_cab6e10f16f929d4581012b1f13bc94e/node_modules/@lifi/widget": {
      "version": "3.30.0",
      "license": "Apache-2.0",
      "dependencies": {
        "@bigmi/client": "^0.5.2",
        "@bigmi/core": "^0.5.2",
        "@emotion/react": "^11.14.0",
        "@emotion/styled": "^11.14.1",
        "@lifi/sdk": "^3.12.0",
        "@lifi/wallet-management": "^3.16.0",
        "@mui/icons-material": "^7.3.2",
        "@mui/material": "^7.3.2",
        "@mui/system": "^7.3.2",
        "@mysten/sui": "^1.37.4",
        "@solana/wallet-adapter-base": "^0.9.27",
        "@solana/wallet-adapter-coinbase": "^0.1.23",
        "@solana/web3.js": "^1.98.4",
        "@tanstack/react-virtual": "^3.13.12",
        "i18next": "^25.4.2",
        "microdiff": "^1.5.0",
        "mitt": "^3.0.1",
        "react-i18next": "^15.7.3",
        "react-intersection-observer": "^9.16.0",
        "react-router-dom": "^6.30.0",
        "react-transition-group": "^4.4.5",
        "viem": "^2.37.1",
        "zustand": "^5.0.8"
      },
      "peerDependencies": {
        "@bigmi/react": ">=0.5.0",
        "@mysten/dapp-kit": ">=0.17.0",
        "@solana/wallet-adapter-react": ">=0.15.35",
        "@tanstack/react-query": ">=5.68.0",
        "react": ">=18",
        "react-dom": ">=18",
        "wagmi": ">=2.14.0"
      }
    },
    "../../node_modules/.pnpm/@mui+material-nextjs@7.3.2_@emotion+cache@11.14.0_@emotion+react@11.14.0_@types+react@1_2b0a3f0d320e9cbc94801ef8665203a2/node_modules/@mui/material-nextjs": {
      "version": "7.3.2",
      "license": "MIT",
      "dependencies": {
        "@babel/runtime": "^7.28.3"
      },
      "engines": {
        "node": ">=14.0.0"
      },
      "funding": {
        "type": "opencollective",
        "url": "https://opencollective.com/mui-org"
      },
      "peerDependencies": {
        "@emotion/cache": "^11.11.0",
        "@emotion/react": "^11.11.4",
        "@emotion/server": "^11.11.0",
        "@types/react": "^17.0.0 || ^18.0.0 || ^19.0.0",
        "next": "^13.0.0 || ^14.0.0 || ^15.0.0",
        "react": "^17.0.0 || ^18.0.0 || ^19.0.0"
      },
      "peerDependenciesMeta": {
        "@emotion/cache": {
          "optional": true
        },
        "@emotion/server": {
          "optional": true
        },
        "@types/react": {
          "optional": true
        }
      }
    },
    "../../node_modules/.pnpm/@types+node@24.3.0/node_modules/@types/node": {
      "version": "24.3.0",
      "dev": true,
      "license": "MIT",
      "dependencies": {
        "undici-types": "~7.10.0"
      }
    },
    "../../node_modules/.pnpm/@types+react-dom@19.1.9_@types+react@19.1.12/node_modules/@types/react-dom": {
      "version": "19.1.9",
      "dev": true,
      "license": "MIT",
      "peerDependencies": {
        "@types/react": "^19.0.0"
      }
    },
    "../../node_modules/.pnpm/@types+react@19.1.12/node_modules/@types/react": {
      "version": "19.1.12",
      "dev": true,
      "license": "MIT",
      "dependencies": {
        "csstype": "^3.0.2"
      }
    },
    "../../node_modules/.pnpm/next@15.5.2_@babel+core@7.28.3_babel-plugin-macros@3.1.0_react-dom@19.1.1_react@19.1.1__react@19.1.1/node_modules/next": {
      "version": "15.5.2",
      "license": "MIT",
      "dependencies": {
        "@next/env": "15.5.2",
        "@swc/helpers": "0.5.15",
        "caniuse-lite": "^1.0.30001579",
        "postcss": "8.4.31",
        "styled-jsx": "5.1.6"
      },
      "bin": {
        "next": "dist/bin/next"
      },
      "devDependencies": {
        "@ampproject/toolbox-optimizer": "2.8.3",
        "@babel/code-frame": "7.26.2",
        "@babel/core": "7.26.10",
        "@babel/eslint-parser": "7.24.6",
        "@babel/generator": "7.27.0",
        "@babel/plugin-syntax-bigint": "7.8.3",
        "@babel/plugin-syntax-dynamic-import": "7.8.3",
        "@babel/plugin-syntax-import-attributes": "7.26.0",
        "@babel/plugin-syntax-jsx": "7.25.9",
        "@babel/plugin-syntax-typescript": "7.25.4",
        "@babel/plugin-transform-class-properties": "7.25.9",
        "@babel/plugin-transform-export-namespace-from": "7.25.9",
        "@babel/plugin-transform-modules-commonjs": "7.26.3",
        "@babel/plugin-transform-numeric-separator": "7.25.9",
        "@babel/plugin-transform-object-rest-spread": "7.25.9",
        "@babel/plugin-transform-runtime": "7.26.10",
        "@babel/preset-env": "7.26.9",
        "@babel/preset-react": "7.26.3",
        "@babel/preset-typescript": "7.27.0",
        "@babel/runtime": "7.27.0",
        "@babel/traverse": "7.27.0",
        "@babel/types": "7.27.0",
        "@base-ui-components/react": "1.0.0-beta.2",
        "@capsizecss/metrics": "3.4.0",
        "@edge-runtime/cookies": "6.0.0",
        "@edge-runtime/ponyfill": "4.0.0",
        "@edge-runtime/primitives": "6.0.0",
        "@hapi/accept": "5.0.2",
        "@jest/transform": "29.5.0",
        "@jest/types": "29.5.0",
        "@mswjs/interceptors": "0.23.0",
        "@napi-rs/triples": "1.2.0",
        "@next/font": "15.5.2",
        "@next/polyfill-module": "15.5.2",
        "@next/polyfill-nomodule": "15.5.2",
        "@next/react-refresh-utils": "15.5.2",
        "@next/swc": "15.5.2",
        "@opentelemetry/api": "1.6.0",
        "@playwright/test": "1.51.1",
        "@rspack/core": "1.4.5",
        "@storybook/addon-a11y": "8.6.0",
        "@storybook/addon-essentials": "8.6.0",
        "@storybook/addon-interactions": "8.6.0",
        "@storybook/addon-webpack5-compiler-swc": "3.0.0",
        "@storybook/blocks": "8.6.0",
        "@storybook/react": "8.6.0",
        "@storybook/react-webpack5": "8.6.0",
        "@storybook/test": "8.6.0",
        "@storybook/test-runner": "0.21.0",
        "@swc/core": "1.11.24",
        "@swc/types": "0.1.7",
        "@taskr/clear": "1.1.0",
        "@taskr/esnext": "1.1.0",
        "@types/amphtml-validator": "1.0.0",
        "@types/babel__code-frame": "7.0.6",
        "@types/babel__core": "7.20.5",
        "@types/babel__generator": "7.27.0",
        "@types/babel__template": "7.4.4",
        "@types/babel__traverse": "7.20.7",
        "@types/bytes": "3.1.1",
        "@types/ci-info": "2.0.0",
        "@types/compression": "0.0.36",
        "@types/content-disposition": "0.5.4",
        "@types/content-type": "1.1.3",
        "@types/cookie": "0.3.3",
        "@types/cross-spawn": "6.0.0",
        "@types/debug": "4.1.5",
        "@types/express-serve-static-core": "4.17.33",
        "@types/fresh": "0.5.0",
        "@types/glob": "7.1.1",
        "@types/jsonwebtoken": "9.0.0",
        "@types/lodash": "4.14.198",
        "@types/lodash.curry": "4.1.6",
        "@types/path-to-regexp": "1.7.0",
        "@types/picomatch": "2.3.3",
        "@types/platform": "1.3.4",
        "@types/react": "19.0.8",
        "@types/react-dom": "19.0.3",
        "@types/react-is": "18.2.4",
        "@types/semver": "7.3.1",
        "@types/send": "0.14.4",
        "@types/shell-quote": "1.7.1",
        "@types/tar": "6.1.5",
        "@types/text-table": "0.2.1",
        "@types/ua-parser-js": "0.7.36",
        "@types/webpack-sources1": "npm:@types/webpack-sources@0.1.5",
        "@types/ws": "8.2.0",
        "@vercel/ncc": "0.34.0",
        "@vercel/nft": "0.27.1",
        "@vercel/turbopack-ecmascript-runtime": "*",
        "acorn": "8.14.0",
        "amphtml-validator": "1.0.38",
        "anser": "1.4.9",
        "arg": "4.1.0",
        "assert": "2.0.0",
        "async-retry": "1.2.3",
        "async-sema": "3.0.0",
        "axe-playwright": "2.0.3",
        "babel-loader": "10.0.0",
        "babel-plugin-react-compiler": "19.1.0-rc.2",
        "babel-plugin-transform-define": "2.0.0",
        "babel-plugin-transform-react-remove-prop-types": "0.4.24",
        "browserify-zlib": "0.2.0",
        "browserslist": "4.24.4",
        "buffer": "5.6.0",
        "busboy": "1.6.0",
        "bytes": "3.1.1",
        "ci-info": "watson/ci-info#f43f6a1cefff47fb361c88cf4b943fdbcaafe540",
        "cli-select": "1.1.2",
        "client-only": "0.0.1",
        "commander": "12.1.0",
        "comment-json": "3.0.3",
        "compression": "1.7.4",
        "conf": "5.0.0",
        "constants-browserify": "1.0.0",
        "content-disposition": "0.5.3",
        "content-type": "1.0.4",
        "cookie": "0.4.1",
        "cross-env": "6.0.3",
        "cross-spawn": "7.0.3",
        "crypto-browserify": "3.12.0",
        "css-loader": "7.1.2",
        "css.escape": "1.5.1",
        "cssnano-preset-default": "7.0.6",
        "data-uri-to-buffer": "3.0.1",
        "debug": "4.1.1",
        "devalue": "2.0.1",
        "domain-browser": "4.19.0",
        "edge-runtime": "4.0.1",
        "events": "3.3.0",
        "find-up": "4.1.0",
        "fresh": "0.5.2",
        "glob": "7.1.7",
        "gzip-size": "5.1.1",
        "http-proxy": "1.18.1",
        "http-proxy-agent": "5.0.0",
        "https-browserify": "1.0.0",
        "https-proxy-agent": "5.0.1",
        "icss-utils": "5.1.0",
        "ignore-loader": "0.1.2",
        "image-size": "1.2.1",
        "is-docker": "2.0.0",
        "is-wsl": "2.2.0",
        "jest-worker": "27.5.1",
        "json5": "2.2.3",
        "jsonwebtoken": "9.0.0",
        "loader-runner": "4.3.0",
        "loader-utils2": "npm:loader-utils@2.0.4",
        "loader-utils3": "npm:loader-utils@3.1.3",
        "lodash.curry": "4.1.1",
        "mini-css-extract-plugin": "2.4.4",
        "msw": "2.3.0",
        "nanoid": "3.1.32",
        "native-url": "0.3.4",
        "neo-async": "2.6.1",
        "node-html-parser": "5.3.3",
        "ora": "4.0.4",
        "os-browserify": "0.3.0",
        "p-limit": "3.1.0",
        "p-queue": "6.6.2",
        "path-browserify": "1.0.1",
        "path-to-regexp": "6.3.0",
        "picomatch": "4.0.1",
        "postcss-flexbugs-fixes": "5.0.2",
        "postcss-modules-extract-imports": "3.0.0",
        "postcss-modules-local-by-default": "4.2.0",
        "postcss-modules-scope": "3.0.0",
        "postcss-modules-values": "4.0.0",
        "postcss-preset-env": "7.4.3",
        "postcss-safe-parser": "6.0.0",
        "postcss-scss": "4.0.3",
        "postcss-value-parser": "4.2.0",
        "process": "0.11.10",
        "punycode": "2.1.1",
        "querystring-es3": "0.2.1",
        "raw-body": "2.4.1",
        "react-refresh": "0.12.0",
        "recast": "0.23.11",
        "regenerator-runtime": "0.13.4",
        "safe-stable-stringify": "2.5.0",
        "sass-loader": "15.0.0",
        "schema-utils2": "npm:schema-utils@2.7.1",
        "schema-utils3": "npm:schema-utils@3.0.0",
        "semver": "7.3.2",
        "send": "0.18.0",
        "server-only": "0.0.1",
        "setimmediate": "1.0.5",
        "shell-quote": "1.7.3",
        "source-map": "0.6.1",
        "source-map-loader": "5.0.0",
        "source-map08": "npm:source-map@0.8.0-beta.0",
        "stacktrace-parser": "0.1.10",
        "storybook": "8.6.0",
        "stream-browserify": "3.0.0",
        "stream-http": "3.1.1",
        "strict-event-emitter": "0.5.0",
        "string_decoder": "1.3.0",
        "string-hash": "1.1.3",
        "strip-ansi": "6.0.0",
        "style-loader": "4.0.0",
        "superstruct": "1.0.3",
        "tar": "6.1.15",
        "taskr": "1.1.0",
        "terser": "5.27.0",
        "terser-webpack-plugin": "5.3.9",
        "text-table": "0.2.0",
        "timers-browserify": "2.0.12",
        "tty-browserify": "0.0.1",
        "typescript": "5.8.2",
        "ua-parser-js": "1.0.35",
        "unistore": "3.4.1",
        "util": "0.12.4",
        "vm-browserify": "1.1.2",
        "watchpack": "2.4.0",
        "web-vitals": "4.2.1",
        "webpack": "5.98.0",
        "webpack-sources1": "npm:webpack-sources@1.4.3",
        "webpack-sources3": "npm:webpack-sources@3.2.3",
        "ws": "8.2.3",
        "zod": "3.25.76",
        "zod-validation-error": "3.4.0"
      },
      "engines": {
        "node": "^18.18.0 || ^19.8.0 || >= 20.0.0"
      },
      "optionalDependencies": {
        "@next/swc-darwin-arm64": "15.5.2",
        "@next/swc-darwin-x64": "15.5.2",
        "@next/swc-linux-arm64-gnu": "15.5.2",
        "@next/swc-linux-arm64-musl": "15.5.2",
        "@next/swc-linux-x64-gnu": "15.5.2",
        "@next/swc-linux-x64-musl": "15.5.2",
        "@next/swc-win32-arm64-msvc": "15.5.2",
        "@next/swc-win32-x64-msvc": "15.5.2",
        "sharp": "^0.34.3"
      },
      "peerDependencies": {
        "@opentelemetry/api": "^1.1.0",
        "@playwright/test": "^1.51.1",
        "babel-plugin-react-compiler": "*",
        "react": "^18.2.0 || 19.0.0-rc-de68d2f4-20241204 || ^19.0.0",
        "react-dom": "^18.2.0 || 19.0.0-rc-de68d2f4-20241204 || ^19.0.0",
        "sass": "^1.3.0"
      },
      "peerDependenciesMeta": {
        "@opentelemetry/api": {
          "optional": true
        },
        "@playwright/test": {
          "optional": true
        },
        "babel-plugin-react-compiler": {
          "optional": true
        },
        "sass": {
          "optional": true
        }
      }
    },
    "../../node_modules/.pnpm/react-dom@19.1.1_react@19.1.1/node_modules/react-dom": {
      "version": "19.1.1",
      "license": "MIT",
      "dependencies": {
        "scheduler": "^0.26.0"
      },
      "peerDependencies": {
        "react": "^19.1.1"
      }
    },
    "../../node_modules/.pnpm/react@19.1.1/node_modules/react": {
      "version": "19.1.1",
      "license": "MIT",
      "engines": {
        "node": ">=0.10.0"
      }
    },
    "../../node_modules/.pnpm/typescript@5.9.2/node_modules/typescript": {
      "version": "5.9.2",
      "dev": true,
      "license": "Apache-2.0",
      "bin": {
        "tsc": "bin/tsc",
        "tsserver": "bin/tsserver"
      },
      "devDependencies": {
        "@dprint/formatter": "^0.4.1",
        "@dprint/typescript": "0.93.4",
        "@esfx/canceltoken": "^1.0.0",
        "@eslint/js": "^9.20.0",
        "@octokit/rest": "^21.1.1",
        "@types/chai": "^4.3.20",
        "@types/diff": "^7.0.1",
        "@types/minimist": "^1.2.5",
        "@types/mocha": "^10.0.10",
        "@types/ms": "^0.7.34",
        "@types/node": "latest",
        "@types/source-map-support": "^0.5.10",
        "@types/which": "^3.0.4",
        "@typescript-eslint/rule-tester": "^8.24.1",
        "@typescript-eslint/type-utils": "^8.24.1",
        "@typescript-eslint/utils": "^8.24.1",
        "azure-devops-node-api": "^14.1.0",
        "c8": "^10.1.3",
        "chai": "^4.5.0",
        "chokidar": "^4.0.3",
        "diff": "^7.0.0",
        "dprint": "^0.49.0",
        "esbuild": "^0.25.0",
        "eslint": "^9.20.1",
        "eslint-formatter-autolinkable-stylish": "^1.4.0",
        "eslint-plugin-regexp": "^2.7.0",
        "fast-xml-parser": "^4.5.2",
        "glob": "^10.4.5",
        "globals": "^15.15.0",
        "hereby": "^1.10.0",
        "jsonc-parser": "^3.3.1",
        "knip": "^5.44.4",
        "minimist": "^1.2.8",
        "mocha": "^10.8.2",
        "mocha-fivemat-progress-reporter": "^0.1.0",
        "monocart-coverage-reports": "^2.12.1",
        "ms": "^2.1.3",
        "picocolors": "^1.1.1",
        "playwright": "^1.50.1",
        "source-map-support": "^0.5.21",
        "tslib": "^2.8.1",
        "typescript": "^5.7.3",
        "typescript-eslint": "^8.24.1",
        "which": "^3.0.1"
      },
      "engines": {
        "node": ">=14.17"
      }
    },
    "node_modules/@lifi/sdk": {
      "resolved": "../../node_modules/.pnpm/@lifi+sdk@3.12.1_@solana+wallet-adapter-base@0.9.27_@solana+web3.js@1.98.4_bufferutil@4_117a75494e66f2dded8bc7915d0a4618/node_modules/@lifi/sdk",
      "link": true
    },
    "node_modules/@lifi/widget": {
      "resolved": "../../node_modules/.pnpm/@lifi+widget@3.30.0_cab6e10f16f929d4581012b1f13bc94e/node_modules/@lifi/widget",
      "link": true
    },
    "node_modules/@mui/material-nextjs": {
      "resolved": "../../node_modules/.pnpm/@mui+material-nextjs@7.3.2_@emotion+cache@11.14.0_@emotion+react@11.14.0_@types+react@1_2b0a3f0d320e9cbc94801ef8665203a2/node_modules/@mui/material-nextjs",
      "link": true
    },
    "node_modules/@types/node": {
      "resolved": "../../node_modules/.pnpm/@types+node@24.3.0/node_modules/@types/node",
      "link": true
    },
    "node_modules/@types/react": {
      "resolved": "../../node_modules/.pnpm/@types+react@19.1.12/node_modules/@types/react",
      "link": true
    },
    "node_modules/@types/react-dom": {
      "resolved": "../../node_modules/.pnpm/@types+react-dom@19.1.9_@types+react@19.1.12/node_modules/@types/react-dom",
      "link": true
    },
    "node_modules/next": {
      "resolved": "../../node_modules/.pnpm/next@15.5.2_@babel+core@7.28.3_babel-plugin-macros@3.1.0_react-dom@19.1.1_react@19.1.1__react@19.1.1/node_modules/next",
      "link": true
    },
    "node_modules/react": {
      "resolved": "../../node_modules/.pnpm/react@19.1.1/node_modules/react",
      "link": true
    },
    "node_modules/react-dom": {
      "resolved": "../../node_modules/.pnpm/react-dom@19.1.1_react@19.1.1/node_modules/react-dom",
      "link": true
    },
    "node_modules/typescript": {
      "resolved": "../../node_modules/.pnpm/typescript@5.9.2/node_modules/typescript",
      "link": true
    },
    "node_modules/@next/swc-darwin-arm64": {
      "version": "15.5.2",
      "resolved": "https://registry.npmjs.org/@next/swc-darwin-arm64/-/swc-darwin-arm64-15.5.2.tgz",
      "integrity": "sha512-8bGt577BXGSd4iqFygmzIfTYizHb0LGWqH+qgIF/2EDxS5JsSdERJKA8WgwDyNBZgTIIA4D8qUtoQHmxIIquoQ==",
      "cpu": [
        "arm64"
      ],
      "optional": true,
      "os": [
        "darwin"
      ],
      "engines": {
        "node": ">= 10"
      }
    },
    "node_modules/@next/swc-darwin-x64": {
      "version": "15.5.2",
      "resolved": "https://registry.npmjs.org/@next/swc-darwin-x64/-/swc-darwin-x64-15.5.2.tgz",
      "integrity": "sha512-2DjnmR6JHK4X+dgTXt5/sOCu/7yPtqpYt8s8hLkHFK3MGkka2snTv3yRMdHvuRtJVkPwCGsvBSwmoQCHatauFQ==",
      "cpu": [
        "x64"
      ],
      "optional": true,
      "os": [
        "darwin"
      ],
      "engines": {
        "node": ">= 10"
      }
    },
    "node_modules/@next/swc-linux-arm64-gnu": {
      "version": "15.5.2",
      "resolved": "https://registry.npmjs.org/@next/swc-linux-arm64-gnu/-/swc-linux-arm64-gnu-15.5.2.tgz",
      "integrity": "sha512-3j7SWDBS2Wov/L9q0mFJtEvQ5miIqfO4l7d2m9Mo06ddsgUK8gWfHGgbjdFlCp2Ek7MmMQZSxpGFqcC8zGh2AA==",
      "cpu": [
        "arm64"
      ],
      "optional": true,
      "os": [
        "linux"
      ],
      "engines": {
        "node": ">= 10"
      }
    },
    "node_modules/@next/swc-linux-arm64-musl": {
      "version": "15.5.2",
      "resolved": "https://registry.npmjs.org/@next/swc-linux-arm64-musl/-/swc-linux-arm64-musl-15.5.2.tgz",
      "integrity": "sha512-s6N8k8dF9YGc5T01UPQ08yxsK6fUow5gG1/axWc1HVVBYQBgOjca4oUZF7s4p+kwhkB1bDSGR8QznWrFZ/Rt5g==",
      "cpu": [
        "arm64"
      ],
      "optional": true,
      "os": [
        "linux"
      ],
      "engines": {
        "node": ">= 10"
      }
    },
    "node_modules/@next/swc-linux-x64-gnu": {
      "version": "15.5.2",
      "resolved": "https://registry.npmjs.org/@next/swc-linux-x64-gnu/-/swc-linux-x64-gnu-15.5.2.tgz",
      "integrity": "sha512-o1RV/KOODQh6dM6ZRJGZbc+MOAHww33Vbs5JC9Mp1gDk8cpEO+cYC/l7rweiEalkSm5/1WGa4zY7xrNwObN4+Q==",
      "cpu": [
        "x64"
      ],
      "optional": true,
      "os": [
        "linux"
      ],
      "engines": {
        "node": ">= 10"
      }
    },
    "node_modules/@next/swc-linux-x64-musl": {
      "version": "15.5.2",
      "resolved": "https://registry.npmjs.org/@next/swc-linux-x64-musl/-/swc-linux-x64-musl-15.5.2.tgz",
      "integrity": "sha512-/VUnh7w8RElYZ0IV83nUcP/J4KJ6LLYliiBIri3p3aW2giF+PAVgZb6mk8jbQSB3WlTai8gEmCAr7kptFa1H6g==",
      "cpu": [
        "x64"
      ],
      "optional": true,
      "os": [
        "linux"
      ],
      "engines": {
        "node": ">= 10"
      }
    },
    "node_modules/@next/swc-win32-arm64-msvc": {
      "version": "15.5.2",
      "resolved": "https://registry.npmjs.org/@next/swc-win32-arm64-msvc/-/swc-win32-arm64-msvc-15.5.2.tgz",
      "integrity": "sha512-sMPyTvRcNKXseNQ/7qRfVRLa0VhR0esmQ29DD6pqvG71+JdVnESJaHPA8t7bc67KD5spP3+DOCNLhqlEI2ZgQg==",
      "cpu": [
        "arm64"
      ],
      "optional": true,
      "os": [
        "win32"
      ],
      "engines": {
        "node": ">= 10"
      }
    },
    "node_modules/@next/swc-win32-x64-msvc": {
      "version": "15.5.2",
      "resolved": "https://registry.npmjs.org/@next/swc-win32-x64-msvc/-/swc-win32-x64-msvc-15.5.2.tgz",
      "integrity": "sha512-W5VvyZHnxG/2ukhZF/9Ikdra5fdNftxI6ybeVKYvBPDtyx7x4jPPSNduUkfH5fo3zG0JQ0bPxgy41af2JX5D4Q==",
      "cpu": [
        "x64"
      ],
      "optional": true,
      "os": [
        "win32"
      ],
      "engines": {
        "node": ">= 10"
      }
    }
  }
}
